
Microsoft Visual Studio Solution File, Format Version 12.00
Project("{2150E333-8FDC-42A3-9474-1A3956D46DE8}") = "Api", "Api", "{6F7E50E6-6E85-42BC-BCAB-E1E2E4D3E2B2}"
EndProject
Project("{FAE04EC0-301F-11D3-BF4B-00C04F79EFBC}") = "TimeNamazApi", "TimeNamazApi\TimeNamazApi.csproj", "{CD5CF0FA-E957-41F7-A2FF-D90078A2EF5C}"
EndProject
Global
	GlobalSection(SolutionConfigurationPlatforms) = preSolution
		Debug|Any CPU = Debug|Any CPU
		Release|Any CPU = Release|Any CPU
	EndGlobalSection
	GlobalSection(ProjectConfigurationPlatforms) = postSolution
		{CD5CF0FA-E957-41F7-A2FF-D90078A2EF5C}.Debug|Any CPU.ActiveCfg = Debug|Any CPU
		{CD5CF0FA-E957-41F7-A2FF-D90078A2EF5C}.Debug|Any CPU.Build.0 = Debug|Any CPU
		{CD5CF0FA-E957-41F7-A2FF-D90078A2EF5C}.Release|Any CPU.ActiveCfg = Release|Any CPU
		{CD5CF0FA-E957-41F7-A2FF-D90078A2EF5C}.Release|Any CPU.Build.0 = Release|Any CPU
	EndGlobalSection
	GlobalSection(NestedProjects) = preSolution
		{CD5CF0FA-E957-41F7-A2FF-D90078A2EF5C} = {6F7E50E6-6E85-42BC-BCAB-E1E2E4D3E2B2}
	EndGlobalSection
EndGlobal
